
Microsoft Visual Studio Solution File, Format Version 12.00
# Visual Studio Version 16
VisualStudioVersion = 16.0.30523.141
MinimumVisualStudioVersion = 10.0.40219.1
Project("{8BC9CEB8-8B4A-11D0-8D11-00A0C91BC942}") = "SeqList", "SeqList\SeqList.vcxproj", "{8A3DFF64-01C0-41DE-9349-7EC7200DE681}"
EndProject
Global
	GlobalSection(SolutionConfigurationPlatforms) = preSolution
		Debug|x64 = Debug|x64
		Debug|x86 = Debug|x86
		Release|x64 = Release|x64
		Release|x86 = Release|x86
	EndGlobalSection
	GlobalSection(ProjectConfigurationPlatforms) = postSolution
		{8A3DFF64-01C0-41DE-9349-7EC7200DE681}.Debug|x64.ActiveCfg = Debug|x64
		{8A3DFF64-01C0-41DE-9349-7EC7200DE681}.Debug|x64.Build.0 = Debug|x64
		{8A3DFF64-01C0-41DE-9349-7EC7200DE681}.Debug|x86.ActiveCfg = Debug|Win32
		{8A3DFF64-01C0-41DE-9349-7EC7200DE681}.Debug|x86.Build.0 = Debug|Win32
		{8A3DFF64-01C0-41DE-9349-7EC7200DE681}.Release|x64.ActiveCfg = Release|x64
		{8A3DFF64-01C0-41DE-9349-7EC7200DE681}.Release|x64.Build.0 = Release|x64
		{8A3DFF64-01C0-41DE-9349-7EC7200DE681}.Release|x86.ActiveCfg = Release|Win32
		{8A3DFF64-01C0-41DE-9349-7EC7200DE681}.Release|x86.Build.0 = Release|Win32
	EndGlobalSection
	GlobalSection(SolutionProperties) = preSolution
		HideSolutionNode = FALSE
	EndGlobalSection
	GlobalSection(ExtensibilityGlobals) = postSolution
		SolutionGuid = {5B78FBC6-DB76-44A8-82EC-8A33C8FA47F2}
	EndGlobalSection
EndGlobal
